
Microsoft Visual Studio Solution File, Format Version 12.00
# Visual Studio Version 17
VisualStudioVersion = 17.1.32414.318
MinimumVisualStudioVersion = 10.0.40219.1
Project("{9A19103F-16F7-4668-BE54-9A1E7A4F7556}") = "MetaOptimize", "MetaOptimize\MetaOptimize.csproj", "{EA37F76B-4826-4812-8654-BB8410D3AB57}"
EndProject
Project("{9A19103F-16F7-4668-BE54-9A1E7A4F7556}") = "MetaOptimize.Test", "MetaOptimize.Test\MetaOptimize.Test.csproj", "{79E0F923-7D9E-4869-9652-CA7AF63859E5}"
EndProject
Project("{9A19103F-16F7-4668-BE54-9A1E7A4F7556}") = "MetaOptimize.Cli", "MetaOptimize.Cli\MetaOptimize.Cli.csproj", "{79D409E3-E0D6-44B7-BA48-07ADD9445155}"
EndProject
Global
	GlobalSection(SolutionConfigurationPlatforms) = preSolution
		Debug|Any CPU = Debug|Any CPU
		Debug|x64 = Debug|x64
		Release|Any CPU = Release|Any CPU
		Release|x64 = Release|x64
	EndGlobalSection
	GlobalSection(ProjectConfigurationPlatforms) = postSolution
		{EA37F76B-4826-4812-8654-BB8410D3AB57}.Debug|Any CPU.ActiveCfg = Debug|Any CPU
		{EA37F76B-4826-4812-8654-BB8410D3AB57}.Debug|Any CPU.Build.0 = Debug|Any CPU
		{EA37F76B-4826-4812-8654-BB8410D3AB57}.Debug|x64.ActiveCfg = Debug|Any CPU
		{EA37F76B-4826-4812-8654-BB8410D3AB57}.Debug|x64.Build.0 = Debug|Any CPU
		{EA37F76B-4826-4812-8654-BB8410D3AB57}.Release|Any CPU.ActiveCfg = Release|Any CPU
		{EA37F76B-4826-4812-8654-BB8410D3AB57}.Release|Any CPU.Build.0 = Release|Any CPU
		{EA37F76B-4826-4812-8654-BB8410D3AB57}.Release|x64.ActiveCfg = Release|x64
		{EA37F76B-4826-4812-8654-BB8410D3AB57}.Release|x64.Build.0 = Release|x64
		{79E0F923-7D9E-4869-9652-CA7AF63859E5}.Debug|Any CPU.ActiveCfg = Debug|Any CPU
		{79E0F923-7D9E-4869-9652-CA7AF63859E5}.Debug|Any CPU.Build.0 = Debug|Any CPU
		{79E0F923-7D9E-4869-9652-CA7AF63859E5}.Debug|x64.ActiveCfg = Debug|Any CPU
		{79E0F923-7D9E-4869-9652-CA7AF63859E5}.Debug|x64.Build.0 = Debug|Any CPU
		{79E0F923-7D9E-4869-9652-CA7AF63859E5}.Release|Any CPU.ActiveCfg = Release|Any CPU
		{79E0F923-7D9E-4869-9652-CA7AF63859E5}.Release|Any CPU.Build.0 = Release|Any CPU
		{79E0F923-7D9E-4869-9652-CA7AF63859E5}.Release|x64.ActiveCfg = Release|x64
		{79E0F923-7D9E-4869-9652-CA7AF63859E5}.Release|x64.Build.0 = Release|x64
		{79D409E3-E0D6-44B7-BA48-07ADD9445155}.Debug|Any CPU.ActiveCfg = Debug|Any CPU
		{79D409E3-E0D6-44B7-BA48-07ADD9445155}.Debug|Any CPU.Build.0 = Debug|Any CPU
		{79D409E3-E0D6-44B7-BA48-07ADD9445155}.Debug|x64.ActiveCfg = Debug|Any CPU
		{79D409E3-E0D6-44B7-BA48-07ADD9445155}.Debug|x64.Build.0 = Debug|Any CPU
		{79D409E3-E0D6-44B7-BA48-07ADD9445155}.Release|Any CPU.ActiveCfg = Release|Any CPU
		{79D409E3-E0D6-44B7-BA48-07ADD9445155}.Release|Any CPU.Build.0 = Release|Any CPU
		{79D409E3-E0D6-44B7-BA48-07ADD9445155}.Release|x64.ActiveCfg = Release|x64
		{79D409E3-E0D6-44B7-BA48-07ADD9445155}.Release|x64.Build.0 = Release|x64
	EndGlobalSection
	GlobalSection(SolutionProperties) = preSolution
		HideSolutionNode = FALSE
	EndGlobalSection
	GlobalSection(ExtensibilityGlobals) = postSolution
		SolutionGuid = {A64F0750-8829-4EF7-8BD3-97BB73630F58}
	EndGlobalSection
EndGlobal
